{
  "name": "LynxHost",
  "version": "1.0.0",
  "lockfileVersion": 3,
  "requires": true,
  "packages": {
    "": {
      "name": "LynxHost",
      "version": "1.0.0",
      "dependencies": {
        "@lynx-js/web-core": "^0.15.1",
        "@lynx-js/web-elements": "^0.8.0",
        "react": "^18.3.1",
        "react-dom": "^18.3.1"
      },
      "devDependencies": {
        "@rsbuild/core": "^1.4.3",
        "@rsbuild/plugin-react": "^1.3.3",
        "@types/node": "^24.0.14",
        "@types/react": "^18.3.18",
        "@types/react-dom": "^18.3.5",
        "prettier": "^3.6.2",
        "typescript": "^5.8.3"
      }
    },
    "node_modules/@emnapi/core": {
      "version": "1.4.5",
      "resolved": "https://registry.npmjs.org/@emnapi/core/-/core-1.4.5.tgz",
      "integrity": "sha512-XsLw1dEOpkSX/WucdqUhPWP7hDxSvZiY+fsUC14h+FtQ2Ifni4znbBt8punRX+Uj2JG/uDb8nEHVKvrVlvdZ5Q==",
      "dev": true,
      "optional": true,
      "dependencies": {
        "@emnapi/wasi-threads": "1.0.4",
        "tslib": "^2.4.0"
      }
    },
    "node_modules/@emnapi/runtime": {
      "version": "1.4.5",
      "resolved": "https://registry.npmjs.org/@emnapi/runtime/-/runtime-1.4.5.tgz",
      "integrity": "sha512-++LApOtY0pEEz1zrd9vy1/zXVaVJJ/EbAF3u0fXIzPJEDtnITsBGbbK0EkM72amhl/R5b+5xx0Y/QhcVOpuulg==",
      "dev": true,
      "optional": true,
      "dependencies": {
        "tslib": "^2.4.0"
      }
    },
    "node_modules/@emnapi/wasi-threads": {
      "version": "1.0.4",
      "resolved": "https://registry.npmjs.org/@emnapi/wasi-threads/-/wasi-threads-1.0.4.tgz",
      "integrity": "sha512-PJR+bOmMOPH8AtcTGAyYNiuJ3/Fcoj2XN/gBEWzDIKh254XO+mM9XoXHk5GNEhodxeMznbg7BlRojVbKN+gC6g==",
      "dev": true,
      "optional": true,
      "dependencies": {
        "tslib": "^2.4.0"
      }
    },
    "node_modules/@lynx-js/lynx-core": {
      "version": "0.1.2",
      "resolved": "https://registry.npmjs.org/@lynx-js/lynx-core/-/lynx-core-0.1.2.tgz",
      "integrity": "sha512-/oqDTnxbfmc/Haz0rUNC95lqQ082wEdMVzYfPo8ySr0WDtK+64Odo2k47s9uVmsIoX0h09GLsg4NMoWC0kjyPQ==",
      "peer": true
    },
    "node_modules/@lynx-js/offscreen-document": {
      "version": "0.1.3",
      "resolved": "https://registry.npmjs.org/@lynx-js/offscreen-document/-/offscreen-document-0.1.3.tgz",
      "integrity": "sha512-XOrE+IeYcEOE2UzGTfwIrf7U+PvoogfMSPAQwcIQH8C73gHGZWv36B6lVGvXeeRqfGr6/5vilEjRjvqivfd1uA=="
    },
    "node_modules/@lynx-js/web-constants": {
      "version": "0.15.1",
      "resolved": "https://registry.npmjs.org/@lynx-js/web-constants/-/web-constants-0.15.1.tgz",
      "integrity": "sha512-uOXR8MPQ+0dejmgj3hEXmu+IpOiWor0sJ0nx7Mu/xgAIClgw/oiaUNSI7gqPtvLljumlH46ot2fM4eKKp9ytGw==",
      "dependencies": {
        "@lynx-js/web-worker-rpc": "0.15.1"
      }
    },
    "node_modules/@lynx-js/web-core": {
      "version": "0.15.1",
      "resolved": "https://registry.npmjs.org/@lynx-js/web-core/-/web-core-0.15.1.tgz",
      "integrity": "sha512-WiDHZ/QoBfzP/f1iSCV2Xghhlb0Rq+TVuwP5d2MgzezMpI5vpbvdvsfaD/Wmqzwp9Wn8XqpKTDML5P3Vol6Ajw==",
      "dependencies": {
        "@lynx-js/offscreen-document": "0.1.3",
        "@lynx-js/web-constants": "0.15.1",
        "@lynx-js/web-mainthread-apis": "0.15.1",
        "@lynx-js/web-worker-rpc": "0.15.1",
        "@lynx-js/web-worker-runtime": "0.15.1"
      },
      "peerDependencies": {
        "@lynx-js/lynx-core": "0.1.2",
        "@lynx-js/web-elements": ">0.7.7"
      }
    },
    "node_modules/@lynx-js/web-elements": {
      "version": "0.8.0",
      "resolved": "https://registry.npmjs.org/@lynx-js/web-elements/-/web-elements-0.8.0.tgz",
      "integrity": "sha512-rTFESwtMHmKd7peYP3nqH865Su/lGhTBIP0HJD6Z9lgy2jmJmATy2cTk3f0n5jvXIqH+owLqzL9ZMGHt0HQCxw==",
      "dependencies": {
        "@lynx-js/web-elements-reactive": "0.2.2",
        "@lynx-js/web-elements-template": "0.8.0"
      },
      "peerDependencies": {
        "tslib": "^2.5.0"
      }
    },
    "node_modules/@lynx-js/web-elements-reactive": {
      "version": "0.2.2",
      "resolved": "https://registry.npmjs.org/@lynx-js/web-elements-reactive/-/web-elements-reactive-0.2.2.tgz",
      "integrity": "sha512-IVZJaD4IDtVMaFG14vwhavPH6RJPU+VgxN3NLgcRB+2DO+0Ks1/0hYAJuk/QskGF6A7haGsG9TW/EQ7mk1s/sg=="
    },
    "node_modules/@lynx-js/web-elements-template": {
      "version": "0.8.0",
      "resolved": "https://registry.npmjs.org/@lynx-js/web-elements-template/-/web-elements-template-0.8.0.tgz",
      "integrity": "sha512-kmcCrf1PN6XOYxjXlOJ0T8KksCfL2fLi54ZB7mSxvUGeGdTmN+MihsDUrmlIVcyiTN9n9NjTmoIgw5osHK0AXg=="
    },
    "node_modules/@lynx-js/web-mainthread-apis": {
      "version": "0.15.1",
      "resolved": "https://registry.npmjs.org/@lynx-js/web-mainthread-apis/-/web-mainthread-apis-0.15.1.tgz",
      "integrity": "sha512-D/nCAjPehB/j5e7N4oH6tzRXR7FXK/KeiAq0uVhdyLoliPm86Zlq+9PLJB7dOOM7EnO46wsynjcNhuDA8YeB8g==",
      "dependencies": {
        "@lynx-js/web-constants": "0.15.1",
        "@lynx-js/web-style-transformer": "0.3.3",
        "hyphenate-style-name": "^1.1.0"
      }
    },
    "node_modules/@lynx-js/web-style-transformer": {
      "version": "0.3.3",
      "resolved": "https://registry.npmjs.org/@lynx-js/web-style-transformer/-/web-style-transformer-0.3.3.tgz",
      "integrity": "sha512-Fs7VN202y+MyiW4CfjdQ30iQCBQFnspQLGkWaJwfX/IPr8nzKzGzBcu7cIfg7QX80ZBXc+24Gj6v80xK13AuCQ=="
    },
    "node_modules/@lynx-js/web-worker-rpc": {
      "version": "0.15.1",
      "resolved": "https://registry.npmjs.org/@lynx-js/web-worker-rpc/-/web-worker-rpc-0.15.1.tgz",
      "integrity": "sha512-7YmYKCVj2/V0kR+flPFG8LI+e/to9u2CvXj1A6aFo2YLac/A8jbLd0xF+zvE2CvXrWlGLvHT2rQYd/ttL9y5bw=="
    },
    "node_modules/@lynx-js/web-worker-runtime": {
      "version": "0.15.1",
      "resolved": "https://registry.npmjs.org/@lynx-js/web-worker-runtime/-/web-worker-runtime-0.15.1.tgz",
      "integrity": "sha512-0a/t0ZIR+SJoqwLMEcCMBtlxiS5EHJAuwVlEbTxWNdsC3zOHwEbed4G5rh7JAa0s8SikZ6g2A+lPjCOVA5zwLw==",
      "dependencies": {
        "@lynx-js/offscreen-document": "0.1.3",
        "@lynx-js/web-constants": "0.15.1",
        "@lynx-js/web-mainthread-apis": "0.15.1",
        "@lynx-js/web-worker-rpc": "0.15.1"
      },
      "peerDependencies": {
        "@lynx-js/lynx-core": "0.1.2"
      }
    },
    "node_modules/@module-federation/error-codes": {
      "version": "0.16.0",
      "resolved": "https://registry.npmjs.org/@module-federation/error-codes/-/error-codes-0.16.0.tgz",
      "integrity": "sha512-TfmA45b8vvISniGudMg8jjIy1q3tLPon0QN/JdFp5f8AJ8/peICN5b+dkEQnWsAVg2fEusYhk9dO7z3nUeJM8A==",
      "dev": true
    },
    "node_modules/@module-federation/runtime": {
      "version": "0.16.0",
      "resolved": "https://registry.npmjs.org/@module-federation/runtime/-/runtime-0.16.0.tgz",
      "integrity": "sha512-6o84WI8Qhc9O3HwPLx89kTvOSkyUOHQr73R/zr0I04sYhlMJgw5xTwXeGE7bQAmNgbJclzW9Kh7JTP7+3o3CHg==",
      "dev": true,
      "dependencies": {
        "@module-federation/error-codes": "0.16.0",
        "@module-federation/runtime-core": "0.16.0",
        "@module-federation/sdk": "0.16.0"
      }
    },
    "node_modules/@module-federation/runtime-core": {
      "version": "0.16.0",
      "resolved": "https://registry.npmjs.org/@module-federation/runtime-core/-/runtime-core-0.16.0.tgz",
      "integrity": "sha512-5SECQowG4hlUVBRk/y6bnYLfxbsl5NcMmqn043WPe7NDOhGQWbTuYibJ3Bk+ZBv5U4uYLEmXipBGDc1FKsHklQ==",
      "dev": true,
      "dependencies": {
        "@module-federation/error-codes": "0.16.0",
        "@module-federation/sdk": "0.16.0"
      }
    },
    "node_modules/@module-federation/runtime-tools": {
      "version": "0.16.0",
      "resolved": "https://registry.npmjs.org/@module-federation/runtime-tools/-/runtime-tools-0.16.0.tgz",
      "integrity": "sha512-OzmXNluXBQ2E6znzX4m9CJt1MFHVGmbN8c8MSKcYIDcLzLSKBQAiaz9ZUMhkyWx2YrPgD134glyPEqJrc+fY8A==",
      "dev": true,
      "dependencies": {
        "@module-federation/runtime": "0.16.0",
        "@module-federation/webpack-bundler-runtime": "0.16.0"
      }
    },
    "node_modules/@module-federation/sdk": {
      "version": "0.16.0",
      "resolved": "https://registry.npmjs.org/@module-federation/sdk/-/sdk-0.16.0.tgz",
      "integrity": "sha512-UXJW1WWuDoDmScX0tpISjl4xIRPzAiN62vg9etuBdAEUM+ja9rz/zwNZaByiUPFS2aqlj2RHenCRvIapE8mYEg==",
      "dev": true
    },
    "node_modules/@module-federation/webpack-bundler-runtime": {
      "version": "0.16.0",
      "resolved": "https://registry.npmjs.org/@module-federation/webpack-bundler-runtime/-/webpack-bundler-runtime-0.16.0.tgz",
      "integrity": "sha512-yqIDQTelJZP0Rxml0OXv4Er8Kbdxy7NFh6PCzPwDFWI1SkiokJ3uXQJBvtlxZ3lOnCDYOzdHstqa8sJG4JP02Q==",
      "dev": true,
      "dependencies": {
        "@module-federation/runtime": "0.16.0",
        "@module-federation/sdk": "0.16.0"
      }
    },
    "node_modules/@napi-rs/wasm-runtime": {
      "version": "0.2.12",
      "resolved": "https://registry.npmjs.org/@napi-rs/wasm-runtime/-/wasm-runtime-0.2.12.tgz",
      "integrity": "sha512-ZVWUcfwY4E/yPitQJl481FjFo3K22D6qF0DuFH6Y/nbnE11GY5uguDxZMGXPQ8WQ0128MXQD7TnfHyK4oWoIJQ==",
      "dev": true,
      "optional": true,
      "dependencies": {
        "@emnapi/core": "^1.4.3",
        "@emnapi/runtime": "^1.4.3",
        "@tybys/wasm-util": "^0.10.0"
      }
    },
    "node_modules/@rsbuild/core": {
      "version": "1.4.7",
      "resolved": "https://registry.npmjs.org/@rsbuild/core/-/core-1.4.7.tgz",
      "integrity": "sha512-mYvMYlCKUQAfz7x7GJnD6lBsVBfUSEAfrZLxkDQ0F3w7If9cQpHWLWZWdRmcFFy3Pzns1Edxn0st1nAmcFhRJQ==",
      "dev": true,
      "dependencies": {
        "@rspack/core": "1.4.8",
        "@rspack/lite-tapable": "~1.0.1",
        "@swc/helpers": "^0.5.17",
        "core-js": "~3.44.0",
        "jiti": "^2.4.2"
      },
      "bin": {
        "rsbuild": "bin/rsbuild.js"
      },
      "engines": {
        "node": ">=16.10.0"
      }
    },
    "node_modules/@rsbuild/plugin-react": {
      "version": "1.3.4",
      "resolved": "https://registry.npmjs.org/@rsbuild/plugin-react/-/plugin-react-1.3.4.tgz",
      "integrity": "sha512-PeLmPkUUm+t2cBGBe1WHhw1NNPHDFnKiXnRUGM5WSSlSZWfSi96RbeLqrm+gH6TaefdyvmLvurJu+7tSSUrQjQ==",
      "dev": true,
      "dependencies": {
        "@rspack/plugin-react-refresh": "~1.4.3",
        "react-refresh": "^0.17.0"
      },
      "peerDependencies": {
        "@rsbuild/core": "1.x"
      }
    },
    "node_modules/@rspack/binding": {
      "version": "1.4.8",
      "resolved": "https://registry.npmjs.org/@rspack/binding/-/binding-1.4.8.tgz",
      "integrity": "sha512-VKE+2InUdudBUOn3xMZfK9a6KlOwmSifA0Nupjsh7N9/brcBfJtJGSDCnfrIKCq54FF+QAUCgcNAS0DB4/tZmw==",
      "dev": true,
      "optionalDependencies": {
        "@rspack/binding-darwin-arm64": "1.4.8",
        "@rspack/binding-darwin-x64": "1.4.8",
        "@rspack/binding-linux-arm64-gnu": "1.4.8",
        "@rspack/binding-linux-arm64-musl": "1.4.8",
        "@rspack/binding-linux-x64-gnu": "1.4.8",
        "@rspack/binding-linux-x64-musl": "1.4.8",
        "@rspack/binding-wasm32-wasi": "1.4.8",
        "@rspack/binding-win32-arm64-msvc": "1.4.8",
        "@rspack/binding-win32-ia32-msvc": "1.4.8",
        "@rspack/binding-win32-x64-msvc": "1.4.8"
      }
    },
    "node_modules/@rspack/binding-darwin-arm64": {
      "version": "1.4.8",
      "resolved": "https://registry.npmjs.org/@rspack/binding-darwin-arm64/-/binding-darwin-arm64-1.4.8.tgz",
      "integrity": "sha512-PQRNjC3Fc0avpx8Gk+sT5P+HAXxTSzmBA8lU7QLlmbW5GGXO2taVhNstbZ4oxyIX5uDVZpQ2yQ2E0zXirK6/UQ==",
      "cpu": [
        "arm64"
      ],
      "dev": true,
      "optional": true,
      "os": [
        "darwin"
      ]
    },
    "node_modules/@rspack/binding-darwin-x64": {
      "version": "1.4.8",
      "resolved": "https://registry.npmjs.org/@rspack/binding-darwin-x64/-/binding-darwin-x64-1.4.8.tgz",
      "integrity": "sha512-ZnPZbo1dhhbfevxSS99y8w02xuEbxyiV1HaUie/S8jzy9DPmk+4Br+DddufnibPNU85e3BZKjp+HDFMYkdn6cg==",
      "cpu": [
        "x64"
      ],
      "dev": true,
      "optional": true,
      "os": [
        "darwin"
      ]
    },
    "node_modules/@rspack/binding-linux-arm64-gnu": {
      "version": "1.4.8",
      "resolved": "https://registry.npmjs.org/@rspack/binding-linux-arm64-gnu/-/binding-linux-arm64-gnu-1.4.8.tgz",
      "integrity": "sha512-mJK9diM4Gd8RIGO90AZnl27WwUuAOoRplPQv9G+Vxu2baCt1xE1ccf8PntIJ70/rMgsUdnmkR5qQBaGxhAMJvA==",
      "cpu": [
        "arm64"
      ],
      "dev": true,
      "optional": true,
      "os": [
        "linux"
      ]
    },
    "node_modules/@rspack/binding-linux-arm64-musl": {
      "version": "1.4.8",
      "resolved": "https://registry.npmjs.org/@rspack/binding-linux-arm64-musl/-/binding-linux-arm64-musl-1.4.8.tgz",
      "integrity": "sha512-+n9QxeDDZKwVB4D6cwpNRJzsCeuwNqd/fwwbMQVTctJ+GhIHlUPsE8y5tXN7euU7kDci81wMBBFlt6LtXNcssA==",
      "cpu": [
        "arm64"
      ],
      "dev": true,
      "optional": true,
      "os": [
        "linux"
      ]
    },
    "node_modules/@rspack/binding-linux-x64-gnu": {
      "version": "1.4.8",
      "resolved": "https://registry.npmjs.org/@rspack/binding-linux-x64-gnu/-/binding-linux-x64-gnu-1.4.8.tgz",
      "integrity": "sha512-rEypDlbIfv9B/DcZ2vYVWs56wo5VWE5oj/TvM9JT+xuqwvVWsN/A2TPMiU6QBgOKGXat3EM/MEgx8NhNZUpkXg==",
      "cpu": [
        "x64"
      ],
      "dev": true,
      "optional": true,
      "os": [
        "linux"
      ]
    },
    "node_modules/@rspack/binding-linux-x64-musl": {
      "version": "1.4.8",
      "resolved": "https://registry.npmjs.org/@rspack/binding-linux-x64-musl/-/binding-linux-x64-musl-1.4.8.tgz",
      "integrity": "sha512-o9OsvJ7olH0JPU9exyIaYTNQ+aaR5CNAiinkxr+LkV2i3DMIi/+pDVveDiodYjVhzZjWfsP/z8QPO4c6Z06bEw==",
      "cpu": [
        "x64"
      ],
      "dev": true,
      "optional": true,
      "os": [
        "linux"
      ]
    },
    "node_modules/@rspack/binding-wasm32-wasi": {
      "version": "1.4.8",
      "resolved": "https://registry.npmjs.org/@rspack/binding-wasm32-wasi/-/binding-wasm32-wasi-1.4.8.tgz",
      "integrity": "sha512-hF5gqT0aQ66VUclM2A9MSB6zVdEJqzp++TAXaShBK/eVBI0R4vWrMfJ2TOdzEsSbg4gXgeG4swURpHva3PKbcA==",
      "cpu": [
        "wasm32"
      ],
      "dev": true,
      "optional": true,
      "dependencies": {
        "@napi-rs/wasm-runtime": "^0.2.12"
      }
    },
    "node_modules/@rspack/binding-win32-arm64-msvc": {
      "version": "1.4.8",
      "resolved": "https://registry.npmjs.org/@rspack/binding-win32-arm64-msvc/-/binding-win32-arm64-msvc-1.4.8.tgz",
      "integrity": "sha512-umD0XzesJq4nnStv9/2/VOmzNUWHfLMIjeHmiHYHpc7iVC0SkXgIdc6Ac7c+g2q7/V3/MFxL66Y60oy7lQE3fg==",
      "cpu": [
        "arm64"
      ],
      "dev": true,
      "optional": true,
      "os": [
        "win32"
      ]
    },
    "node_modules/@rspack/binding-win32-ia32-msvc": {
      "version": "1.4.8",
      "resolved": "https://registry.npmjs.org/@rspack/binding-win32-ia32-msvc/-/binding-win32-ia32-msvc-1.4.8.tgz",
      "integrity": "sha512-Uu+F/sxz7GgIMbuCCZVOD1HPjoHQdyrFHi/TE2EmuZzs9Ji9a9mtNJNrKc8+h9YFpaLeade7cbMDjRu4MHxiVA==",
      "cpu": [
        "ia32"
      ],
      "dev": true,
      "optional": true,
      "os": [
        "win32"
      ]
    },
    "node_modules/@rspack/binding-win32-x64-msvc": {
      "version": "1.4.8",
      "resolved": "https://registry.npmjs.org/@rspack/binding-win32-x64-msvc/-/binding-win32-x64-msvc-1.4.8.tgz",
      "integrity": "sha512-BVkOfJDZnexHNpGgc/sWENyGrsle1jUQTeUEdSyNYsu4Elsgk/T9gnGK8xyLRd2c6k20M5FN38t0TumCp4DscQ==",
      "cpu": [
        "x64"
      ],
      "dev": true,
      "optional": true,
      "os": [
        "win32"
      ]
    },
    "node_modules/@rspack/core": {
      "version": "1.4.8",
      "resolved": "https://registry.npmjs.org/@rspack/core/-/core-1.4.8.tgz",
      "integrity": "sha512-ARHuZ+gx3P//RIUKSjk/riQUn/D5tCwCWbfgeM5pk/Ti2JsgVnqiP9Sksge8JovVPf7b6Zgw73Cq5FpX4aOXeQ==",
      "dev": true,
      "dependencies": {
        "@module-federation/runtime-tools": "0.16.0",
        "@rspack/binding": "1.4.8",
        "@rspack/lite-tapable": "1.0.1"
      },
      "engines": {
        "node": ">=16.0.0"
      },
      "peerDependencies": {
        "@swc/helpers": ">=0.5.1"
      },
      "peerDependenciesMeta": {
        "@swc/helpers": {
          "optional": true
        }
      }
    },
    "node_modules/@rspack/lite-tapable": {
      "version": "1.0.1",
      "resolved": "https://registry.npmjs.org/@rspack/lite-tapable/-/lite-tapable-1.0.1.tgz",
      "integrity": "sha512-VynGOEsVw2s8TAlLf/uESfrgfrq2+rcXB1muPJYBWbsm1Oa6r5qVQhjA5ggM6z/coYPrsVMgovl3Ff7Q7OCp1w==",
      "dev": true,
      "engines": {
        "node": ">=16.0.0"
      }
    },
    "node_modules/@rspack/plugin-react-refresh": {
      "version": "1.4.3",
      "resolved": "https://registry.npmjs.org/@rspack/plugin-react-refresh/-/plugin-react-refresh-1.4.3.tgz",
      "integrity": "sha512-wZx4vWgy5oMEvgyNGd/oUKcdnKaccYWHCRkOqTdAPJC3WcytxhTX+Kady8ERurSBiLyQpoMiU3Iyd+F1Y2Arbw==",
      "dev": true,
      "dependencies": {
        "error-stack-parser": "^2.1.4",
        "html-entities": "^2.6.0"
      },
      "peerDependencies": {
        "react-refresh": ">=0.10.0 <1.0.0",
        "webpack-hot-middleware": "2.x"
      },
      "peerDependenciesMeta": {
        "webpack-hot-middleware": {
          "optional": true
        }
      }
    },
    "node_modules/@swc/helpers": {
      "version": "0.5.17",
      "resolved": "https://registry.npmjs.org/@swc/helpers/-/helpers-0.5.17.tgz",
      "integrity": "sha512-5IKx/Y13RsYd+sauPb2x+U/xZikHjolzfuDgTAl/Tdf3Q8rslRvC19NKDLgAJQ6wsqADk10ntlv08nPFw/gO/A==",
      "dev": true,
      "dependencies": {
        "tslib": "^2.8.0"
      }
    },
    "node_modules/@tybys/wasm-util": {
      "version": "0.10.0",
      "resolved": "https://registry.npmjs.org/@tybys/wasm-util/-/wasm-util-0.10.0.tgz",
      "integrity": "sha512-VyyPYFlOMNylG45GoAe0xDoLwWuowvf92F9kySqzYh8vmYm7D2u4iUJKa1tOUpS70Ku13ASrOkS4ScXFsTaCNQ==",
      "dev": true,
      "optional": true,
      "dependencies": {
        "tslib": "^2.4.0"
      }
    },
    "node_modules/@types/node": {
      "version": "24.0.14",
      "resolved": "https://registry.npmjs.org/@types/node/-/node-24.0.14.tgz",
      "integrity": "sha512-4zXMWD91vBLGRtHK3YbIoFMia+1nqEz72coM42C5ETjnNCa/heoj7NT1G67iAfOqMmcfhuCZ4uNpyz8EjlAejw==",
      "dev": true,
      "dependencies": {
        "undici-types": "~7.8.0"
      }
    },
    "node_modules/@types/prop-types": {
      "version": "15.7.15",
      "resolved": "https://registry.npmjs.org/@types/prop-types/-/prop-types-15.7.15.tgz",
      "integrity": "sha512-F6bEyamV9jKGAFBEmlQnesRPGOQqS2+Uwi0Em15xenOxHaf2hv6L8YCVn3rPdPJOiJfPiCnLIRyvwVaqMY3MIw==",
      "dev": true
    },
    "node_modules/@types/react": {
      "version": "18.3.23",
      "resolved": "https://registry.npmjs.org/@types/react/-/react-18.3.23.tgz",
      "integrity": "sha512-/LDXMQh55EzZQ0uVAZmKKhfENivEvWz6E+EYzh+/MCjMhNsotd+ZHhBGIjFDTi6+fz0OhQQQLbTgdQIxxCsC0w==",
      "dev": true,
      "dependencies": {
        "@types/prop-types": "*",
        "csstype": "^3.0.2"
      }
    },
    "node_modules/@types/react-dom": {
      "version": "18.3.7",
      "resolved": "https://registry.npmjs.org/@types/react-dom/-/react-dom-18.3.7.tgz",
      "integrity": "sha512-MEe3UeoENYVFXzoXEWsvcpg6ZvlrFNlOQ7EOsvhI3CfAXwzPfO8Qwuxd40nepsYKqyyVQnTdEfv68q91yLcKrQ==",
      "dev": true,
      "peerDependencies": {
        "@types/react": "^18.0.0"
      }
    },
    "node_modules/core-js": {
      "version": "3.44.0",
      "resolved": "https://registry.npmjs.org/core-js/-/core-js-3.44.0.tgz",
      "integrity": "sha512-aFCtd4l6GvAXwVEh3XbbVqJGHDJt0OZRa+5ePGx3LLwi12WfexqQxcsohb2wgsa/92xtl19Hd66G/L+TaAxDMw==",
      "dev": true,
      "hasInstallScript": true,
      "funding": {
        "type": "opencollective",
        "url": "https://opencollective.com/core-js"
      }
    },
    "node_modules/csstype": {
      "version": "3.1.3",
      "resolved": "https://registry.npmjs.org/csstype/-/csstype-3.1.3.tgz",
      "integrity": "sha512-M1uQkMl8rQK/szD0LNhtqxIPLpimGm8sOBwU7lLnCpSbTyY3yeU1Vc7l4KT5zT4s/yOxHH5O7tIuuLOCnLADRw==",
      "dev": true
    },
    "node_modules/error-stack-parser": {
      "version": "2.1.4",
      "resolved": "https://registry.npmjs.org/error-stack-parser/-/error-stack-parser-2.1.4.tgz",
      "integrity": "sha512-Sk5V6wVazPhq5MhpO+AUxJn5x7XSXGl1R93Vn7i+zS15KDVxQijejNCrz8340/2bgLBjR9GtEG8ZVKONDjcqGQ==",
      "dev": true,
      "dependencies": {
        "stackframe": "^1.3.4"
      }
    },
    "node_modules/html-entities": {
      "version": "2.6.0",
      "resolved": "https://registry.npmjs.org/html-entities/-/html-entities-2.6.0.tgz",
      "integrity": "sha512-kig+rMn/QOVRvr7c86gQ8lWXq+Hkv6CbAH1hLu+RG338StTpE8Z0b44SDVaqVu7HGKf27frdmUYEs9hTUX/cLQ==",
      "dev": true,
      "funding": [
        {
          "type": "github",
          "url": "https://github.com/sponsors/mdevils"
        },
        {
          "type": "patreon",
          "url": "https://patreon.com/mdevils"
        }
      ]
    },
    "node_modules/hyphenate-style-name": {
      "version": "1.1.0",
      "resolved": "https://registry.npmjs.org/hyphenate-style-name/-/hyphenate-style-name-1.1.0.tgz",
      "integrity": "sha512-WDC/ui2VVRrz3jOVi+XtjqkDjiVjTtFaAGiW37k6b+ohyQ5wYDOGkvCZa8+H0nx3gyvv0+BST9xuOgIyGQ00gw=="
    },
    "node_modules/jiti": {
      "version": "2.4.2",
      "resolved": "https://registry.npmjs.org/jiti/-/jiti-2.4.2.tgz",
      "integrity": "sha512-rg9zJN+G4n2nfJl5MW3BMygZX56zKPNVEYYqq7adpmMh4Jn2QNEwhvQlFy6jPVdcod7txZtKHWnyZiA3a0zP7A==",
      "dev": true,
      "bin": {
        "jiti": "lib/jiti-cli.mjs"
      }
    },
    "node_modules/js-tokens": {
      "version": "4.0.0",
      "resolved": "https://registry.npmjs.org/js-tokens/-/js-tokens-4.0.0.tgz",
      "integrity": "sha512-RdJUflcE3cUzKiMqQgsCu06FPu9UdIJO0beYbPhHN4k6apgJtifcoCtT9bcxOpYBtpD2kCM6Sbzg4CausW/PKQ=="
    },
    "node_modules/loose-envify": {
      "version": "1.4.0",
      "resolved": "https://registry.npmjs.org/loose-envify/-/loose-envify-1.4.0.tgz",
      "integrity": "sha512-lyuxPGr/Wfhrlem2CL/UcnUc1zcqKAImBDzukY7Y5F/yQiNdko6+fRLevlw1HgMySw7f611UIY408EtxRSoK3Q==",
      "dependencies": {
        "js-tokens": "^3.0.0 || ^4.0.0"
      },
      "bin": {
        "loose-envify": "cli.js"
      }
    },
    "node_modules/prettier": {
      "version": "3.6.2",
      "resolved": "https://registry.npmjs.org/prettier/-/prettier-3.6.2.tgz",
      "integrity": "sha512-I7AIg5boAr5R0FFtJ6rCfD+LFsWHp81dolrFD8S79U9tb8Az2nGrJncnMSnys+bpQJfRUzqs9hnA81OAA3hCuQ==",
      "dev": true,
      "bin": {
        "prettier": "bin/prettier.cjs"
      },
      "engines": {
        "node": ">=14"
      },
      "funding": {
        "url": "https://github.com/prettier/prettier?sponsor=1"
      }
    },
    "node_modules/react": {
      "version": "18.3.1",
      "resolved": "https://registry.npmjs.org/react/-/react-18.3.1.tgz",
      "integrity": "sha512-wS+hAgJShR0KhEvPJArfuPVN1+Hz1t0Y6n5jLrGQbkb4urgPE/0Rve+1kMB1v/oWgHgm4WIcV+i7F2pTVj+2iQ==",
      "dependencies": {
        "loose-envify": "^1.1.0"
      },
      "engines": {
        "node": ">=0.10.0"
      }
    },
    "node_modules/react-dom": {
      "version": "18.3.1",
      "resolved": "https://registry.npmjs.org/react-dom/-/react-dom-18.3.1.tgz",
      "integrity": "sha512-5m4nQKp+rZRb09LNH59GM4BxTh9251/ylbKIbpe7TpGxfJ+9kv6BLkLBXIjjspbgbnIBNqlI23tRnTWT0snUIw==",
      "dependencies": {
        "loose-envify": "^1.1.0",
        "scheduler": "^0.23.2"
      },
      "peerDependencies": {
        "react": "^18.3.1"
      }
    },
    "node_modules/react-refresh": {
      "version": "0.17.0",
      "resolved": "https://registry.npmjs.org/react-refresh/-/react-refresh-0.17.0.tgz",
      "integrity": "sha512-z6F7K9bV85EfseRCp2bzrpyQ0Gkw1uLoCel9XBVWPg/TjRj94SkJzUTGfOa4bs7iJvBWtQG0Wq7wnI0syw3EBQ==",
      "dev": true,
      "engines": {
        "node": ">=0.10.0"
      }
    },
    "node_modules/scheduler": {
      "version": "0.23.2",
      "resolved": "https://registry.npmjs.org/scheduler/-/scheduler-0.23.2.tgz",
      "integrity": "sha512-UOShsPwz7NrMUqhR6t0hWjFduvOzbtv7toDH1/hIrfRNIDBnnBWd0CwJTGvTpngVlmwGCdP9/Zl/tVrDqcuYzQ==",
      "dependencies": {
        "loose-envify": "^1.1.0"
      }
    },
    "node_modules/stackframe": {
      "version": "1.3.4",
      "resolved": "https://registry.npmjs.org/stackframe/-/stackframe-1.3.4.tgz",
      "integrity": "sha512-oeVtt7eWQS+Na6F//S4kJ2K2VbRlS9D43mAlMyVpVWovy9o+jfgH8O9agzANzaiLjclA0oYzUXEM4PurhSUChw==",
      "dev": true
    },
    "node_modules/tslib": {
      "version": "2.8.1",
      "resolved": "https://registry.npmjs.org/tslib/-/tslib-2.8.1.tgz",
      "integrity": "sha512-oJFu94HQb+KVduSUQL7wnpmqnfmLsOA/nAh6b6EH0wCEoK0/mPeXU6c3wKDV83MkOuHPRHtSXKKU99IBazS/2w=="
    },
    "node_modules/typescript": {
      "version": "5.8.3",
      "resolved": "https://registry.npmjs.org/typescript/-/typescript-5.8.3.tgz",
      "integrity": "sha512-p1diW6TqL9L07nNxvRMM7hMMw4c5XOo/1ibL4aAIGmSAt9slTE1Xgw5KWuof2uTOvCg9BY7ZRi+GaF+7sfgPeQ==",
      "dev": true,
      "bin": {
        "tsc": "bin/tsc",
        "tsserver": "bin/tsserver"
      },
      "engines": {
        "node": ">=14.17"
      }
    },
    "node_modules/undici-types": {
      "version": "7.8.0",
      "resolved": "https://registry.npmjs.org/undici-types/-/undici-types-7.8.0.tgz",
      "integrity": "sha512-9UJ2xGDvQ43tYyVMpuHlsgApydB8ZKfVYTsLDhXkFL/6gfkp+U8xTGdh8pMJv1SpZna0zxG1DwsKZsreLbXBxw==",
      "dev": true
    }
  }
}
